
Microsoft Visual Studio Solution File, Format Version 12.00
# Visual Studio Version 17
VisualStudioVersion = 17.11.35303.130
MinimumVisualStudioVersion = 10.0.40219.1
Project("{9A19103F-16F7-4668-BE54-9A1E7A4F7556}") = "ConsoleApp", "ConsoleApp\ConsoleApp.csproj", "{37F9841B-D88F-4585-8500-0D96236B55A0}"
EndProject
Project("{FAE04EC0-301F-11D3-BF4B-00C04F79EFBC}") = "WindowsFormsApp1", "WindowsFormsApp1\WindowsFormsApp1.csproj", "{25AE2A74-6145-475C-9062-2D511D23037C}"
EndProject
Project("{FAE04EC0-301F-11D3-BF4B-00C04F79EFBC}") = "WpfApp1", "WpfApp1\WpfApp1.csproj", "{D18EC090-31EE-4770-B52C-13FFDFACF46A}"
EndProject
Global
	GlobalSection(SolutionConfigurationPlatforms) = preSolution
		Debug|Any CPU = Debug|Any CPU
		Release|Any CPU = Release|Any CPU
	EndGlobalSection
	GlobalSection(ProjectConfigurationPlatforms) = postSolution
		{37F9841B-D88F-4585-8500-0D96236B55A0}.Debug|Any CPU.ActiveCfg = Debug|Any CPU
		{37F9841B-D88F-4585-8500-0D96236B55A0}.Debug|Any CPU.Build.0 = Debug|Any CPU
		{37F9841B-D88F-4585-8500-0D96236B55A0}.Release|Any CPU.ActiveCfg = Release|Any CPU
		{37F9841B-D88F-4585-8500-0D96236B55A0}.Release|Any CPU.Build.0 = Release|Any CPU
		{25AE2A74-6145-475C-9062-2D511D23037C}.Debug|Any CPU.ActiveCfg = Debug|Any CPU
		{25AE2A74-6145-475C-9062-2D511D23037C}.Debug|Any CPU.Build.0 = Debug|Any CPU
		{25AE2A74-6145-475C-9062-2D511D23037C}.Release|Any CPU.ActiveCfg = Release|Any CPU
		{25AE2A74-6145-475C-9062-2D511D23037C}.Release|Any CPU.Build.0 = Release|Any CPU
		{D18EC090-31EE-4770-B52C-13FFDFACF46A}.Debug|Any CPU.ActiveCfg = Debug|Any CPU
		{D18EC090-31EE-4770-B52C-13FFDFACF46A}.Debug|Any CPU.Build.0 = Debug|Any CPU
		{D18EC090-31EE-4770-B52C-13FFDFACF46A}.Release|Any CPU.ActiveCfg = Release|Any CPU
		{D18EC090-31EE-4770-B52C-13FFDFACF46A}.Release|Any CPU.Build.0 = Release|Any CPU
	EndGlobalSection
	GlobalSection(SolutionProperties) = preSolution
		HideSolutionNode = FALSE
	EndGlobalSection
	GlobalSection(ExtensibilityGlobals) = postSolution
		SolutionGuid = {60D95838-68A1-43A0-8F2C-07A0DCDC270E}
	EndGlobalSection
EndGlobal
